
Microsoft Visual Studio Solution File, Format Version 12.00
# Visual Studio Version 17
VisualStudioVersion = 17.7.34031.279
MinimumVisualStudioVersion = 10.0.40219.1
Project("{FAE04EC0-301F-11D3-BF4B-00C04F79EFBC}") = "3.3. Kódování znaků", "3.3. Kódování znaků\3.3. Kódování znaků.csproj", "{874B39C0-896E-4FC1-9B29-DB99B8084EC9}"
EndProject
Global
	GlobalSection(SolutionConfigurationPlatforms) = preSolution
		Debug|Any CPU = Debug|Any CPU
		Release|Any CPU = Release|Any CPU
	EndGlobalSection
	GlobalSection(ProjectConfigurationPlatforms) = postSolution
		{874B39C0-896E-4FC1-9B29-DB99B8084EC9}.Debug|Any CPU.ActiveCfg = Debug|Any CPU
		{874B39C0-896E-4FC1-9B29-DB99B8084EC9}.Debug|Any CPU.Build.0 = Debug|Any CPU
		{874B39C0-896E-4FC1-9B29-DB99B8084EC9}.Release|Any CPU.ActiveCfg = Release|Any CPU
		{874B39C0-896E-4FC1-9B29-DB99B8084EC9}.Release|Any CPU.Build.0 = Release|Any CPU
	EndGlobalSection
	GlobalSection(SolutionProperties) = preSolution
		HideSolutionNode = FALSE
	EndGlobalSection
	GlobalSection(ExtensibilityGlobals) = postSolution
		SolutionGuid = {38313FC1-EC5F-4FA8-85C0-7132EF0D8777}
	EndGlobalSection
EndGlobal
