
Microsoft Visual Studio Solution File, Format Version 12.00
# Visual Studio Version 17
VisualStudioVersion = 17.7.34031.279
MinimumVisualStudioVersion = 10.0.40219.1
Project("{FAE04EC0-301F-11D3-BF4B-00C04F79EFBC}") = "3.1. Práce se znakem a řetězci", "3.1. Práce se znakem a řetězci\3.1. Práce se znakem a řetězci.csproj", "{0AF84F3F-FDDD-430D-BCE9-CD6220F6D854}"
EndProject
Global
	GlobalSection(SolutionConfigurationPlatforms) = preSolution
		Debug|Any CPU = Debug|Any CPU
		Release|Any CPU = Release|Any CPU
	EndGlobalSection
	GlobalSection(ProjectConfigurationPlatforms) = postSolution
		{0AF84F3F-FDDD-430D-BCE9-CD6220F6D854}.Debug|Any CPU.ActiveCfg = Debug|Any CPU
		{0AF84F3F-FDDD-430D-BCE9-CD6220F6D854}.Debug|Any CPU.Build.0 = Debug|Any CPU
		{0AF84F3F-FDDD-430D-BCE9-CD6220F6D854}.Release|Any CPU.ActiveCfg = Release|Any CPU
		{0AF84F3F-FDDD-430D-BCE9-CD6220F6D854}.Release|Any CPU.Build.0 = Release|Any CPU
	EndGlobalSection
	GlobalSection(SolutionProperties) = preSolution
		HideSolutionNode = FALSE
	EndGlobalSection
	GlobalSection(ExtensibilityGlobals) = postSolution
		SolutionGuid = {F4C00BB1-76EE-44D6-92E6-B64EA15F0FEC}
	EndGlobalSection
EndGlobal
