
Microsoft Visual Studio Solution File, Format Version 12.00
# Visual Studio Version 17
VisualStudioVersion = 17.7.34031.279
MinimumVisualStudioVersion = 10.0.40219.1
Project("{FAE04EC0-301F-11D3-BF4B-00C04F79EFBC}") = "8. Grafika3", "8. Grafika3\8. Grafika3.csproj", "{550B7FE9-BE36-4EA1-B527-AF7CEE8E8ADC}"
EndProject
Global
	GlobalSection(SolutionConfigurationPlatforms) = preSolution
		Debug|Any CPU = Debug|Any CPU
		Release|Any CPU = Release|Any CPU
	EndGlobalSection
	GlobalSection(ProjectConfigurationPlatforms) = postSolution
		{550B7FE9-BE36-4EA1-B527-AF7CEE8E8ADC}.Debug|Any CPU.ActiveCfg = Debug|Any CPU
		{550B7FE9-BE36-4EA1-B527-AF7CEE8E8ADC}.Debug|Any CPU.Build.0 = Debug|Any CPU
		{550B7FE9-BE36-4EA1-B527-AF7CEE8E8ADC}.Release|Any CPU.ActiveCfg = Release|Any CPU
		{550B7FE9-BE36-4EA1-B527-AF7CEE8E8ADC}.Release|Any CPU.Build.0 = Release|Any CPU
	EndGlobalSection
	GlobalSection(SolutionProperties) = preSolution
		HideSolutionNode = FALSE
	EndGlobalSection
	GlobalSection(ExtensibilityGlobals) = postSolution
		SolutionGuid = {749A9BAF-E5C1-47BF-8BD0-B81338EFB39A}
	EndGlobalSection
EndGlobal
